{
  "name": "@nodemate/nodemate-noble",
  "version": "1.0.0",
  "lockfileVersion": 1,
  "requires": true,
  "dependencies": {
    "@nodemate/nodemate-bridge": {
      "version": "1.0.0",
      "resolved": "https://registry.npmjs.org/@nodemate/nodemate-bridge/-/nodemate-bridge-1.0.0.tgz",
      "integrity": "sha512-nUeaq/ZEcqbFq0DxmxyDWSvgYxtdGjbl9UID7VciBQRs6iZewKhAp4ISrdaNLOhV0LW840uPWziq9vt6vxPPrA==",
      "requires": {
        "ws": "^6.1.2"
      }
    },
    "async-limiter": {
      "version": "1.0.0",
      "resolved": "https://registry.npmjs.org/async-limiter/-/async-limiter-1.0.0.tgz",
      "integrity": "sha512-jp/uFnooOiO+L211eZOoSyzpOITMXx1rBITauYykG3BRYPu8h0UcxsPNB04RR5vo4Tyz3+ay17tR6JVf9qzYWg=="
    },
    "ws": {
      "version": "6.1.2",
      "resolved": "https://registry.npmjs.org/ws/-/ws-6.1.2.tgz",
      "integrity": "sha512-rfUqzvz0WxmSXtJpPMX2EeASXabOrSMk1ruMOV3JBTBjo4ac2lDjGGsbQSyxj8Odhw5fBib8ZKEjDNvgouNKYw==",
      "requires": {
        "async-limiter": "~1.0.0"
      }
    }
  }
}
